
Microsoft Visual Studio Solution File, Format Version 12.00
# Visual Studio Version 17
VisualStudioVersion = 17.2.32616.157
MinimumVisualStudioVersion = 10.0.40219.1
Project("{9A19103F-16F7-4668-BE54-9A1E7A4F7556}") = "SuggestionAppUI", "SuggestionAppUI\SuggestionAppUI.csproj", "{3BA5E2D1-7A60-499F-B67A-1447A8A5322D}"
EndProject
Project("{9A19103F-16F7-4668-BE54-9A1E7A4F7556}") = "SuggestionAppLibrary", "SuggestionAppLibrary\SuggestionAppLibrary.csproj", "{8461BF74-E167-4927-8A0A-DAAB78A90184}"
EndProject
Project("{2150E333-8FDC-42A3-9474-1A3956D46DE8}") = "Solution Items", "Solution Items", "{46A4933B-A025-49B5-8617-F5752C812248}"
	ProjectSection(SolutionItems) = preProject
		.editorconfig = .editorconfig
	EndProjectSection
EndProject
Global
	GlobalSection(SolutionConfigurationPlatforms) = preSolution
		Debug|Any CPU = Debug|Any CPU
		Release|Any CPU = Release|Any CPU
	EndGlobalSection
	GlobalSection(ProjectConfigurationPlatforms) = postSolution
		{3BA5E2D1-7A60-499F-B67A-1447A8A5322D}.Debug|Any CPU.ActiveCfg = Debug|Any CPU
		{3BA5E2D1-7A60-499F-B67A-1447A8A5322D}.Debug|Any CPU.Build.0 = Debug|Any CPU
		{3BA5E2D1-7A60-499F-B67A-1447A8A5322D}.Release|Any CPU.ActiveCfg = Release|Any CPU
		{3BA5E2D1-7A60-499F-B67A-1447A8A5322D}.Release|Any CPU.Build.0 = Release|Any CPU
		{8461BF74-E167-4927-8A0A-DAAB78A90184}.Debug|Any CPU.ActiveCfg = Debug|Any CPU
		{8461BF74-E167-4927-8A0A-DAAB78A90184}.Debug|Any CPU.Build.0 = Debug|Any CPU
		{8461BF74-E167-4927-8A0A-DAAB78A90184}.Release|Any CPU.ActiveCfg = Release|Any CPU
		{8461BF74-E167-4927-8A0A-DAAB78A90184}.Release|Any CPU.Build.0 = Release|Any CPU
	EndGlobalSection
	GlobalSection(SolutionProperties) = preSolution
		HideSolutionNode = FALSE
	EndGlobalSection
	GlobalSection(ExtensibilityGlobals) = postSolution
		SolutionGuid = {3FE72BAB-5D93-475B-A625-E36AAF91E119}
	EndGlobalSection
EndGlobal
